
Microsoft Visual Studio Solution File, Format Version 12.00
# Visual Studio 2012
Project("{FAE04EC0-301F-11D3-BF4B-00C04F79EFBC}") = "NLoop.Core", "NLoop.Core\NLoop.Core.csproj", "{2CAD14F2-3BEF-4F96-8677-5C0D4D59EB06}"
EndProject
Project("{FAE04EC0-301F-11D3-BF4B-00C04F79EFBC}") = "NLoop.Core.Tests", "NLoop.Core.Tests\NLoop.Core.Tests.csproj", "{F1FB7E42-3C2E-46FC-B413-A5CF198392B9}"
EndProject
Project("{FAE04EC0-301F-11D3-BF4B-00C04F79EFBC}") = "NLoop.Timing.Tests", "NLoop.Timing.Tests\NLoop.Timing.Tests.csproj", "{737A47A9-66A8-4990-A6C4-BB729250CEC8}"
EndProject
Project("{FAE04EC0-301F-11D3-BF4B-00C04F79EFBC}") = "NLoop.Timing", "NLoop.Timing\NLoop.Timing.csproj", "{0284A46C-BA2C-45CE-975B-4F39C6E11353}"
EndProject
Project("{FAE04EC0-301F-11D3-BF4B-00C04F79EFBC}") = "NLoop.TestApp", "NLoop.TestApp\NLoop.TestApp.csproj", "{9410DE36-D616-4F41-9A7D-B58AEF18C419}"
EndProject
Project("{FAE04EC0-301F-11D3-BF4B-00C04F79EFBC}") = "NLoop.IO", "NLoop.IO\NLoop.IO.csproj", "{99B9D1F9-90B6-4158-B03D-1EF16E473D87}"
EndProject
Project("{FAE04EC0-301F-11D3-BF4B-00C04F79EFBC}") = "NLoop.IO.Tests", "NLoop.IO.Tests\NLoop.IO.Tests.csproj", "{F0A63254-0036-4C31-A9A6-33451BE3433D}"
EndProject
Global
	GlobalSection(SolutionConfigurationPlatforms) = preSolution
		Debug|Any CPU = Debug|Any CPU
		Release|Any CPU = Release|Any CPU
	EndGlobalSection
	GlobalSection(ProjectConfigurationPlatforms) = postSolution
		{2CAD14F2-3BEF-4F96-8677-5C0D4D59EB06}.Debug|Any CPU.ActiveCfg = Debug|Any CPU
		{2CAD14F2-3BEF-4F96-8677-5C0D4D59EB06}.Debug|Any CPU.Build.0 = Debug|Any CPU
		{2CAD14F2-3BEF-4F96-8677-5C0D4D59EB06}.Release|Any CPU.ActiveCfg = Release|Any CPU
		{2CAD14F2-3BEF-4F96-8677-5C0D4D59EB06}.Release|Any CPU.Build.0 = Release|Any CPU
		{F1FB7E42-3C2E-46FC-B413-A5CF198392B9}.Debug|Any CPU.ActiveCfg = Debug|Any CPU
		{F1FB7E42-3C2E-46FC-B413-A5CF198392B9}.Debug|Any CPU.Build.0 = Debug|Any CPU
		{F1FB7E42-3C2E-46FC-B413-A5CF198392B9}.Release|Any CPU.ActiveCfg = Release|Any CPU
		{F1FB7E42-3C2E-46FC-B413-A5CF198392B9}.Release|Any CPU.Build.0 = Release|Any CPU
		{737A47A9-66A8-4990-A6C4-BB729250CEC8}.Debug|Any CPU.ActiveCfg = Debug|Any CPU
		{737A47A9-66A8-4990-A6C4-BB729250CEC8}.Debug|Any CPU.Build.0 = Debug|Any CPU
		{737A47A9-66A8-4990-A6C4-BB729250CEC8}.Release|Any CPU.ActiveCfg = Release|Any CPU
		{737A47A9-66A8-4990-A6C4-BB729250CEC8}.Release|Any CPU.Build.0 = Release|Any CPU
		{0284A46C-BA2C-45CE-975B-4F39C6E11353}.Debug|Any CPU.ActiveCfg = Debug|Any CPU
		{0284A46C-BA2C-45CE-975B-4F39C6E11353}.Debug|Any CPU.Build.0 = Debug|Any CPU
		{0284A46C-BA2C-45CE-975B-4F39C6E11353}.Release|Any CPU.ActiveCfg = Release|Any CPU
		{0284A46C-BA2C-45CE-975B-4F39C6E11353}.Release|Any CPU.Build.0 = Release|Any CPU
		{9410DE36-D616-4F41-9A7D-B58AEF18C419}.Debug|Any CPU.ActiveCfg = Debug|Any CPU
		{9410DE36-D616-4F41-9A7D-B58AEF18C419}.Debug|Any CPU.Build.0 = Debug|Any CPU
		{9410DE36-D616-4F41-9A7D-B58AEF18C419}.Release|Any CPU.ActiveCfg = Release|Any CPU
		{9410DE36-D616-4F41-9A7D-B58AEF18C419}.Release|Any CPU.Build.0 = Release|Any CPU
		{99B9D1F9-90B6-4158-B03D-1EF16E473D87}.Debug|Any CPU.ActiveCfg = Debug|Any CPU
		{99B9D1F9-90B6-4158-B03D-1EF16E473D87}.Debug|Any CPU.Build.0 = Debug|Any CPU
		{99B9D1F9-90B6-4158-B03D-1EF16E473D87}.Release|Any CPU.ActiveCfg = Release|Any CPU
		{99B9D1F9-90B6-4158-B03D-1EF16E473D87}.Release|Any CPU.Build.0 = Release|Any CPU
		{F0A63254-0036-4C31-A9A6-33451BE3433D}.Debug|Any CPU.ActiveCfg = Debug|Any CPU
		{F0A63254-0036-4C31-A9A6-33451BE3433D}.Debug|Any CPU.Build.0 = Debug|Any CPU
		{F0A63254-0036-4C31-A9A6-33451BE3433D}.Release|Any CPU.ActiveCfg = Release|Any CPU
		{F0A63254-0036-4C31-A9A6-33451BE3433D}.Release|Any CPU.Build.0 = Release|Any CPU
	EndGlobalSection
	GlobalSection(SolutionProperties) = preSolution
		HideSolutionNode = FALSE
	EndGlobalSection
EndGlobal
